
Microsoft Visual Studio Solution File, Format Version 12.00
# Visual Studio 15
VisualStudioVersion = 15.0.27428.2002
MinimumVisualStudioVersion = 10.0.40219.1
Project("{FAE04EC0-301F-11D3-BF4B-00C04F79EFBC}") = "Music player", "Music player\Music player.csproj", "{BF3DE453-8F29-40B5-BA02-9CD807988DBE}"
EndProject
Global
	GlobalSection(SolutionConfigurationPlatforms) = preSolution
		Debug|Any CPU = Debug|Any CPU
		Release|Any CPU = Release|Any CPU
	EndGlobalSection
	GlobalSection(ProjectConfigurationPlatforms) = postSolution
		{BF3DE453-8F29-40B5-BA02-9CD807988DBE}.Debug|Any CPU.ActiveCfg = Debug|Any CPU
		{BF3DE453-8F29-40B5-BA02-9CD807988DBE}.Debug|Any CPU.Build.0 = Debug|Any CPU
		{BF3DE453-8F29-40B5-BA02-9CD807988DBE}.Release|Any CPU.ActiveCfg = Release|Any CPU
		{BF3DE453-8F29-40B5-BA02-9CD807988DBE}.Release|Any CPU.Build.0 = Release|Any CPU
	EndGlobalSection
	GlobalSection(SolutionProperties) = preSolution
		HideSolutionNode = FALSE
	EndGlobalSection
	GlobalSection(ExtensibilityGlobals) = postSolution
		SolutionGuid = {E78C617F-5E9E-4CB2-BDFD-70B9203FF9FB}
	EndGlobalSection
EndGlobal
